
Microsoft Visual Studio Solution File, Format Version 12.00
# Visual Studio Version 16
VisualStudioVersion = 16.0.31019.35
MinimumVisualStudioVersion = 10.0.40219.1
Project("{FAE04EC0-301F-11D3-BF4B-00C04F79EFBC}") = "tareaLunes8-3-2021", "tareaLunes8-3-2021\tareaLunes8-3-2021.csproj", "{13A9EC6C-8816-4007-BF14-9457E7376EB4}"
EndProject
Global
	GlobalSection(SolutionConfigurationPlatforms) = preSolution
		Debug|Any CPU = Debug|Any CPU
		Release|Any CPU = Release|Any CPU
	EndGlobalSection
	GlobalSection(ProjectConfigurationPlatforms) = postSolution
		{13A9EC6C-8816-4007-BF14-9457E7376EB4}.Debug|Any CPU.ActiveCfg = Debug|Any CPU
		{13A9EC6C-8816-4007-BF14-9457E7376EB4}.Debug|Any CPU.Build.0 = Debug|Any CPU
		{13A9EC6C-8816-4007-BF14-9457E7376EB4}.Release|Any CPU.ActiveCfg = Release|Any CPU
		{13A9EC6C-8816-4007-BF14-9457E7376EB4}.Release|Any CPU.Build.0 = Release|Any CPU
	EndGlobalSection
	GlobalSection(SolutionProperties) = preSolution
		HideSolutionNode = FALSE
	EndGlobalSection
	GlobalSection(ExtensibilityGlobals) = postSolution
		SolutionGuid = {191BDF5F-462D-4521-9DE8-35E3FE681A81}
	EndGlobalSection
EndGlobal
